
Microsoft Visual Studio Solution File, Format Version 12.00
# Visual Studio Version 17
VisualStudioVersion = 17.0.31903.59
MinimumVisualStudioVersion = 10.0.40219.1
Project("{F2A71F9B-5D33-465A-A702-920D77279786}") = "protohackers", "src\protohackers.fsproj", "{003CD07E-89C1-40F6-B72F-AA7966DDC8B4}"
EndProject
Project("{F2A71F9B-5D33-465A-A702-920D77279786}") = "tests", "tests\protohackers.tests.fsproj", "{B2A43C55-6749-470D-AC37-1129E2135131}"
EndProject
Global
	GlobalSection(SolutionConfigurationPlatforms) = preSolution
		Debug|Any CPU = Debug|Any CPU
		Release|Any CPU = Release|Any CPU
	EndGlobalSection
	GlobalSection(SolutionProperties) = preSolution
		HideSolutionNode = FALSE
	EndGlobalSection
	GlobalSection(ProjectConfigurationPlatforms) = postSolution
		{003CD07E-89C1-40F6-B72F-AA7966DDC8B4}.Debug|Any CPU.ActiveCfg = Debug|Any CPU
		{003CD07E-89C1-40F6-B72F-AA7966DDC8B4}.Debug|Any CPU.Build.0 = Debug|Any CPU
		{003CD07E-89C1-40F6-B72F-AA7966DDC8B4}.Release|Any CPU.ActiveCfg = Release|Any CPU
		{003CD07E-89C1-40F6-B72F-AA7966DDC8B4}.Release|Any CPU.Build.0 = Release|Any CPU
		{B2A43C55-6749-470D-AC37-1129E2135131}.Debug|Any CPU.ActiveCfg = Debug|Any CPU
		{B2A43C55-6749-470D-AC37-1129E2135131}.Debug|Any CPU.Build.0 = Debug|Any CPU
		{B2A43C55-6749-470D-AC37-1129E2135131}.Release|Any CPU.ActiveCfg = Release|Any CPU
		{B2A43C55-6749-470D-AC37-1129E2135131}.Release|Any CPU.Build.0 = Release|Any CPU
	EndGlobalSection
EndGlobal
